
Microsoft Visual Studio Solution File, Format Version 12.00
# Visual Studio 15
VisualStudioVersion = 15.0.27703.2026
MinimumVisualStudioVersion = 10.0.40219.1
Project("{FAE04EC0-301F-11D3-BF4B-00C04F79EFBC}") = "PhotoSharingApplication", "PhotoSharingApplication\PhotoSharingApplication.csproj", "{39348DB6-21DA-4AD8-B9D6-5FAA0134C084}"
EndProject
Global
	GlobalSection(SolutionConfigurationPlatforms) = preSolution
		Debug|Any CPU = Debug|Any CPU
		Release|Any CPU = Release|Any CPU
	EndGlobalSection
	GlobalSection(ProjectConfigurationPlatforms) = postSolution
		{39348DB6-21DA-4AD8-B9D6-5FAA0134C084}.Debug|Any CPU.ActiveCfg = Debug|Any CPU
		{39348DB6-21DA-4AD8-B9D6-5FAA0134C084}.Debug|Any CPU.Build.0 = Debug|Any CPU
		{39348DB6-21DA-4AD8-B9D6-5FAA0134C084}.Release|Any CPU.ActiveCfg = Release|Any CPU
		{39348DB6-21DA-4AD8-B9D6-5FAA0134C084}.Release|Any CPU.Build.0 = Release|Any CPU
	EndGlobalSection
	GlobalSection(SolutionProperties) = preSolution
		HideSolutionNode = FALSE
	EndGlobalSection
	GlobalSection(ExtensibilityGlobals) = postSolution
		SolutionGuid = {9BBD8812-52DE-45EF-A8BF-CA649855F712}
	EndGlobalSection
EndGlobal
